// !$*UTF8*$!
{
	archiveVersion = 1;
	classes = {
	};
	objectVersion = 48;
	objects = {

/* Begin PBXBuildFile section */
		00F4FFDB9D1C2EFD416942EA /* Pods_GPUImageYRDemo.framework in Frameworks */ = {isa = PBXBuildFile; fileRef = DB43E14E5BE56F9A1F8C2CA8 /* Pods_GPUImageYRDemo.framework */; };
		2FA49029214097C800D7D3AE /* BlurViewController.m in Sources */ = {isa = PBXBuildFile; fileRef = 2FA49028214097C800D7D3AE /* BlurViewController.m */; };
		2FA4902C2140A15B00D7D3AE /* GPUDemoCell.m in Sources */ = {isa = PBXBuildFile; fileRef = 2FA4902B2140A15B00D7D3AE /* GPUDemoCell.m */; };
		2FA4902F2140A25D00D7D3AE /* GPUViewController.m in Sources */ = {isa = PBXBuildFile; fileRef = 2FA4902E2140A25D00D7D3AE /* GPUViewController.m */; };
		2FE571252141E4CF00A4BA9A /* LiveBroadCastCameraController.m in Sources */ = {isa = PBXBuildFile; fileRef = 2FE571232141E4CF00A4BA9A /* LiveBroadCastCameraController.m */; };
		2FE571262141E4CF00A4BA9A /* LiveBroadCastCameraController.xib in Resources */ = {isa = PBXBuildFile; fileRef = 2FE571242141E4CF00A4BA9A /* LiveBroadCastCameraController.xib */; };
		2FF1E693214093500009CF41 /* AppDelegate.m in Sources */ = {isa = PBXBuildFile; fileRef = 2FF1E692214093500009CF41 /* AppDelegate.m */; };
		2FF1E699214093500009CF41 /* Main.storyboard in Resources */ = {isa = PBXBuildFile; fileRef = 2FF1E697214093500009CF41 /* Main.storyboard */; };
		2FF1E69B214093500009CF41 /* Assets.xcassets in Resources */ = {isa = PBXBuildFile; fileRef = 2FF1E69A214093500009CF41 /* Assets.xcassets */; };
		2FF1E69E214093500009CF41 /* LaunchScreen.storyboard in Resources */ = {isa = PBXBuildFile; fileRef = 2FF1E69C214093500009CF41 /* LaunchScreen.storyboard */; };
		2FF1E6A1214093500009CF41 /* main.m in Sources */ = {isa = PBXBuildFile; fileRef = 2FF1E6A0214093500009CF41 /* main.m */; };
		2FF1E6AA214094460009CF41 /* GPUImageDemoListController.m in Sources */ = {isa = PBXBuildFile; fileRef = 2FF1E6A9214094460009CF41 /* GPUImageDemoListController.m */; };
		2FFCF9A12141721700817266 /* GPUImageFilterController.m in Sources */ = {isa = PBXBuildFile; fileRef = 2FFCF9A02141721700817266 /* GPUImageFilterController.m */; };
		2FFCF9A921417A0300817266 /* BeautifulCameraController.m in Sources */ = {isa = PBXBuildFile; fileRef = 2FFCF9A821417A0300817266 /* BeautifulCameraController.m */; };
		2FFCF9AB21417DA600817266 /* BeautifulCameraController.xib in Resources */ = {isa = PBXBuildFile; fileRef = 2FFCF9AA21417DA600817266 /* BeautifulCameraController.xib */; };
		2FFCF9B0214183D300817266 /* GPUImageVideoController.m in Sources */ = {isa = PBXBuildFile; fileRef = 2FFCF9AF214183D300817266 /* GPUImageVideoController.m */; };
		2FFCF9B4214183FB00817266 /* GPUImageVideoController.xib in Resources */ = {isa = PBXBuildFile; fileRef = 2FFCF9B3214183FB00817266 /* GPUImageVideoController.xib */; };
/* End PBXBuildFile section */

/* Begin PBXFileReference section */
		18B03DE6C06193D76D6D03E2 /* Pods-GPUImageYRDemo.release.xcconfig */ = {isa = PBXFileReference; includeInIndex = 1; lastKnownFileType = text.xcconfig; name = "Pods-GPUImageYRDemo.release.xcconfig"; path = "Pods/Target Support Files/Pods-GPUImageYRDemo/Pods-GPUImageYRDemo.release.xcconfig"; sourceTree = "<group>"; };
		2FA49027214097C800D7D3AE /* BlurViewController.h */ = {isa = PBXFileReference; lastKnownFileType = sourcecode.c.h; path = BlurViewController.h; sourceTree = "<group>"; };
		2FA49028214097C800D7D3AE /* BlurViewController.m */ = {isa = PBXFileReference; lastKnownFileType = sourcecode.c.objc; path = BlurViewController.m; sourceTree = "<group>"; };
		2FA4902A2140A15B00D7D3AE /* GPUDemoCell.h */ = {isa = PBXFileReference; lastKnownFileType = sourcecode.c.h; path = GPUDemoCell.h; sourceTree = "<group>"; };
		2FA4902B2140A15B00D7D3AE /* GPUDemoCell.m */ = {isa = PBXFileReference; lastKnownFileType = sourcecode.c.objc; path = GPUDemoCell.m; sourceTree = "<group>"; };
		2FA4902D2140A25D00D7D3AE /* GPUViewController.h */ = {isa = PBXFileReference; lastKnownFileType = sourcecode.c.h; path = GPUViewController.h; sourceTree = "<group>"; };
		2FA4902E2140A25D00D7D3AE /* GPUViewController.m */ = {isa = PBXFileReference; lastKnownFileType = sourcecode.c.objc; path = GPUViewController.m; sourceTree = "<group>"; };
		2FE571222141E4CF00A4BA9A /* LiveBroadCastCameraController.h */ = {isa = PBXFileReference; lastKnownFileType = sourcecode.c.h; path = LiveBroadCastCameraController.h; sourceTree = "<group>"; };
		2FE571232141E4CF00A4BA9A /* LiveBroadCastCameraController.m */ = {isa = PBXFileReference; lastKnownFileType = sourcecode.c.objc; path = LiveBroadCastCameraController.m; sourceTree = "<group>"; };
		2FE571242141E4CF00A4BA9A /* LiveBroadCastCameraController.xib */ = {isa = PBXFileReference; lastKnownFileType = file.xib; path = LiveBroadCastCameraController.xib; sourceTree = "<group>"; };
		2FF1E68E214093500009CF41 /* GPUImageYRDemo.app */ = {isa = PBXFileReference; explicitFileType = wrapper.application; includeInIndex = 0; path = GPUImageYRDemo.app; sourceTree = BUILT_PRODUCTS_DIR; };
		2FF1E691214093500009CF41 /* AppDelegate.h */ = {isa = PBXFileReference; lastKnownFileType = sourcecode.c.h; path = AppDelegate.h; sourceTree = "<group>"; };
		2FF1E692214093500009CF41 /* AppDelegate.m */ = {isa = PBXFileReference; lastKnownFileType = sourcecode.c.objc; path = AppDelegate.m; sourceTree = "<group>"; };
		2FF1E698214093500009CF41 /* Base */ = {isa = PBXFileReference; lastKnownFileType = file.storyboard; name = Base; path = Base.lproj/Main.storyboard; sourceTree = "<group>"; };
		2FF1E69A214093500009CF41 /* Assets.xcassets */ = {isa = PBXFileReference; lastKnownFileType = folder.assetcatalog; path = Assets.xcassets; sourceTree = "<group>"; };
		2FF1E69D214093500009CF41 /* Base */ = {isa = PBXFileReference; lastKnownFileType = file.storyboard; name = Base; path = Base.lproj/LaunchScreen.storyboard; sourceTree = "<group>"; };
		2FF1E69F214093500009CF41 /* Info.plist */ = {isa = PBXFileReference; lastKnownFileType = text.plist.xml; path = Info.plist; sourceTree = "<group>"; };
		2FF1E6A0214093500009CF41 /* main.m */ = {isa = PBXFileReference; lastKnownFileType = sourcecode.c.objc; path = main.m; sourceTree = "<group>"; };
		2FF1E6A8214094460009CF41 /* GPUImageDemoListController.h */ = {isa = PBXFileReference; lastKnownFileType = sourcecode.c.h; path = GPUImageDemoListController.h; sourceTree = "<group>"; };
		2FF1E6A9214094460009CF41 /* GPUImageDemoListController.m */ = {isa = PBXFileReference; lastKnownFileType = sourcecode.c.objc; path = GPUImageDemoListController.m; sourceTree = "<group>"; };
		2FFCF99F2141721700817266 /* GPUImageFilterController.h */ = {isa = PBXFileReference; lastKnownFileType = sourcecode.c.h; path = GPUImageFilterController.h; sourceTree = "<group>"; };
		2FFCF9A02141721700817266 /* GPUImageFilterController.m */ = {isa = PBXFileReference; lastKnownFileType = sourcecode.c.objc; path = GPUImageFilterController.m; sourceTree = "<group>"; };
		2FFCF9A721417A0300817266 /* BeautifulCameraController.h */ = {isa = PBXFileReference; lastKnownFileType = sourcecode.c.h; path = BeautifulCameraController.h; sourceTree = "<group>"; };
		2FFCF9A821417A0300817266 /* BeautifulCameraController.m */ = {isa = PBXFileReference; lastKnownFileType = sourcecode.c.objc; path = BeautifulCameraController.m; sourceTree = "<group>"; };
		2FFCF9AA21417DA600817266 /* BeautifulCameraController.xib */ = {isa = PBXFileReference; lastKnownFileType = file.xib; path = BeautifulCameraController.xib; sourceTree = "<group>"; };
		2FFCF9AE214183D300817266 /* GPUImageVideoController.h */ = {isa = PBXFileReference; lastKnownFileType = sourcecode.c.h; path = GPUImageVideoController.h; sourceTree = "<group>"; };
		2FFCF9AF214183D300817266 /* GPUImageVideoController.m */ = {isa = PBXFileReference; lastKnownFileType = sourcecode.c.objc; path = GPUImageVideoController.m; sourceTree = "<group>"; };
		2FFCF9B3214183FB00817266 /* GPUImageVideoController.xib */ = {isa = PBXFileReference; lastKnownFileType = file.xib; path = GPUImageVideoController.xib; sourceTree = "<group>"; };
		648812A652EBDB8C07579B1D /* Pods-GPUImageYRDemo.debug.xcconfig */ = {isa = PBXFileReference; includeInIndex = 1; lastKnownFileType = text.xcconfig; name = "Pods-GPUImageYRDemo.debug.xcconfig"; path = "Pods/Target Support Files/Pods-GPUImageYRDemo/Pods-GPUImageYRDemo.debug.xcconfig"; sourceTree = "<group>"; };
		DB43E14E5BE56F9A1F8C2CA8 /* Pods_GPUImageYRDemo.framework */ = {isa = PBXFileReference; explicitFileType = wrapper.framework; includeInIndex = 0; path = Pods_GPUImageYRDemo.framework; sourceTree = BUILT_PRODUCTS_DIR; };
/* End PBXFileReference section */

/* Begin PBXFrameworksBuildPhase section */
		2FF1E68B214093500009CF41 /* Frameworks */ = {
			isa = PBXFrameworksBuildPhase;
			buildActionMask = 2147483647;
			files = (
				00F4FFDB9D1C2EFD416942EA /* Pods_GPUImageYRDemo.framework in Frameworks */,
			);
			runOnlyForDeploymentPostprocessing = 0;
		};
/* End PBXFrameworksBuildPhase section */

/* Begin PBXGroup section */
		09E7B9C1A74574D843F3D504 /* Frameworks */ = {
			isa = PBXGroup;
			children = (
				DB43E14E5BE56F9A1F8C2CA8 /* Pods_GPUImageYRDemo.framework */,
			);
			name = Frameworks;
			sourceTree = "<group>";
		};
		2FE571212141E40500A4BA9A /* 仿斗鱼直播 */ = {
			isa = PBXGroup;
			children = (
				2FE571222141E4CF00A4BA9A /* LiveBroadCastCameraController.h */,
				2FE571232141E4CF00A4BA9A /* LiveBroadCastCameraController.m */,
				2FE571242141E4CF00A4BA9A /* LiveBroadCastCameraController.xib */,
			);
			path = "仿斗鱼直播";
			sourceTree = "<group>";
		};
		2FF1E685214093500009CF41 = {
			isa = PBXGroup;
			children = (
				2FF1E690214093500009CF41 /* GPUImageYRDemo */,
				2FF1E68F214093500009CF41 /* Products */,
				EE1DC708351F72E4935184A2 /* Pods */,
				09E7B9C1A74574D843F3D504 /* Frameworks */,
			);
			sourceTree = "<group>";
		};
		2FF1E68F214093500009CF41 /* Products */ = {
			isa = PBXGroup;
			children = (
				2FF1E68E214093500009CF41 /* GPUImageYRDemo.app */,
			);
			name = Products;
			sourceTree = "<group>";
		};
		2FF1E690214093500009CF41 /* GPUImageYRDemo */ = {
			isa = PBXGroup;
			children = (
				2FF1E691214093500009CF41 /* AppDelegate.h */,
				2FF1E692214093500009CF41 /* AppDelegate.m */,
				2FF1E6A7214094220009CF41 /* Demo */,
				2FF1E697214093500009CF41 /* Main.storyboard */,
				2FF1E69A214093500009CF41 /* Assets.xcassets */,
				2FF1E69C214093500009CF41 /* LaunchScreen.storyboard */,
				2FF1E69F214093500009CF41 /* Info.plist */,
				2FF1E6A0214093500009CF41 /* main.m */,
			);
			path = GPUImageYRDemo;
			sourceTree = "<group>";
		};
		2FF1E6A7214094220009CF41 /* Demo */ = {
			isa = PBXGroup;
			children = (
				2FA4902D2140A25D00D7D3AE /* GPUViewController.h */,
				2FA4902E2140A25D00D7D3AE /* GPUViewController.m */,
				2FF1E6A8214094460009CF41 /* GPUImageDemoListController.h */,
				2FF1E6A9214094460009CF41 /* GPUImageDemoListController.m */,
				2FE571212141E40500A4BA9A /* 仿斗鱼直播 */,
				2FFCF9AD2141838100817266 /* 实时画面-直播 */,
				2FFCF9A6214179CB00817266 /* 美颜相机 */,
				2FFCF9A32141722A00817266 /* 其它滤镜效果 */,
				2FFCF9A22141721E00817266 /* 毛玻璃 */,
				2FA4902A2140A15B00D7D3AE /* GPUDemoCell.h */,
				2FA4902B2140A15B00D7D3AE /* GPUDemoCell.m */,
			);
			path = Demo;
			sourceTree = "<group>";
		};
		2FFCF9A22141721E00817266 /* 毛玻璃 */ = {
			isa = PBXGroup;
			children = (
				2FA49027214097C800D7D3AE /* BlurViewController.h */,
				2FA49028214097C800D7D3AE /* BlurViewController.m */,
			);
			path = "毛玻璃";
			sourceTree = "<group>";
		};
		2FFCF9A32141722A00817266 /* 其它滤镜效果 */ = {
			isa = PBXGroup;
			children = (
				2FFCF99F2141721700817266 /* GPUImageFilterController.h */,
				2FFCF9A02141721700817266 /* GPUImageFilterController.m */,
			);
			path = "其它滤镜效果";
			sourceTree = "<group>";
		};
		2FFCF9A6214179CB00817266 /* 美颜相机 */ = {
			isa = PBXGroup;
			children = (
				2FFCF9A721417A0300817266 /* BeautifulCameraController.h */,
				2FFCF9A821417A0300817266 /* BeautifulCameraController.m */,
				2FFCF9AA21417DA600817266 /* BeautifulCameraController.xib */,
			);
			path = "美颜相机";
			sourceTree = "<group>";
		};
		2FFCF9AD2141838100817266 /* 实时画面-直播 */ = {
			isa = PBXGroup;
			children = (
				2FFCF9AE214183D300817266 /* GPUImageVideoController.h */,
				2FFCF9AF214183D300817266 /* GPUImageVideoController.m */,
				2FFCF9B3214183FB00817266 /* GPUImageVideoController.xib */,
			);
			path = "实时画面-直播";
			sourceTree = "<group>";
		};
		EE1DC708351F72E4935184A2 /* Pods */ = {
			isa = PBXGroup;
			children = (
				648812A652EBDB8C07579B1D /* Pods-GPUImageYRDemo.debug.xcconfig */,
				18B03DE6C06193D76D6D03E2 /* Pods-GPUImageYRDemo.release.xcconfig */,
			);
			name = Pods;
			sourceTree = "<group>";
		};
/* End PBXGroup section */

/* Begin PBXNativeTarget section */
		2FF1E68D214093500009CF41 /* GPUImageYRDemo */ = {
			isa = PBXNativeTarget;
			buildConfigurationList = 2FF1E6A4214093500009CF41 /* Build configuration list for PBXNativeTarget "GPUImageYRDemo" */;
			buildPhases = (
				018649F8D64B0895BBD9D46D /* [CP] Check Pods Manifest.lock */,
				2FF1E68A214093500009CF41 /* Sources */,
				2FF1E68B214093500009CF41 /* Frameworks */,
				2FF1E68C214093500009CF41 /* Resources */,
				4308A442F133CB472549A3AF /* [CP] Embed Pods Frameworks */,
				D604945D91682CF0C1365E33 /* [CP] Copy Pods Resources */,
			);
			buildRules = (
			);
			dependencies = (
			);
			name = GPUImageYRDemo;
			productName = GPUImageYRDemo;
			productReference = 2FF1E68E214093500009CF41 /* GPUImageYRDemo.app */;
			productType = "com.apple.product-type.application";
		};
/* End PBXNativeTarget section */

/* Begin PBXProject section */
		2FF1E686214093500009CF41 /* Project object */ = {
			isa = PBXProject;
			attributes = {
				LastUpgradeCheck = 0920;
				ORGANIZATIONNAME = yangrui;
				TargetAttributes = {
					2FF1E68D214093500009CF41 = {
						CreatedOnToolsVersion = 9.2;
						ProvisioningStyle = Automatic;
					};
				};
			};
			buildConfigurationList = 2FF1E689214093500009CF41 /* Build configuration list for PBXProject "GPUImageYRDemo" */;
			compatibilityVersion = "Xcode 8.0";
			developmentRegion = en;
			hasScannedForEncodings = 0;
			knownRegions = (
				en,
				Base,
			);
			mainGroup = 2FF1E685214093500009CF41;
			productRefGroup = 2FF1E68F214093500009CF41 /* Products */;
			projectDirPath = "";
			projectRoot = "";
			targets = (
				2FF1E68D214093500009CF41 /* GPUImageYRDemo */,
			);
		};
/* End PBXProject section */

/* Begin PBXResourcesBuildPhase section */
		2FF1E68C214093500009CF41 /* Resources */ = {
			isa = PBXResourcesBuildPhase;
			buildActionMask = 2147483647;
			files = (
				2FE571262141E4CF00A4BA9A /* LiveBroadCastCameraController.xib in Resources */,
				2FFCF9AB21417DA600817266 /* BeautifulCameraController.xib in Resources */,
				2FF1E69E214093500009CF41 /* LaunchScreen.storyboard in Resources */,
				2FF1E69B214093500009CF41 /* Assets.xcassets in Resources */,
				2FF1E699214093500009CF41 /* Main.storyboard in Resources */,
				2FFCF9B4214183FB00817266 /* GPUImageVideoController.xib in Resources */,
			);
			runOnlyForDeploymentPostprocessing = 0;
		};
/* End PBXResourcesBuildPhase section */

/* Begin PBXShellScriptBuildPhase section */
		018649F8D64B0895BBD9D46D /* [CP] Check Pods Manifest.lock */ = {
			isa = PBXShellScriptBuildPhase;
			buildActionMask = 2147483647;
			files = (
			);
			inputPaths = (
				"${PODS_PODFILE_DIR_PATH}/Podfile.lock",
				"${PODS_ROOT}/Manifest.lock",
			);
			name = "[CP] Check Pods Manifest.lock";
			outputPaths = (
				"$(DERIVED_FILE_DIR)/Pods-GPUImageYRDemo-checkManifestLockResult.txt",
			);
			runOnlyForDeploymentPostprocessing = 0;
			shellPath = /bin/sh;
			shellScript = "diff \"${PODS_PODFILE_DIR_PATH}/Podfile.lock\" \"${PODS_ROOT}/Manifest.lock\" > /dev/null\nif [ $? != 0 ] ; then\n    # print error to STDERR\n    echo \"error: The sandbox is not in sync with the Podfile.lock. Run 'pod install' or update your CocoaPods installation.\" >&2\n    exit 1\nfi\n# This output is used by Xcode 'outputs' to avoid re-running this script phase.\necho \"SUCCESS\" > \"${SCRIPT_OUTPUT_FILE_0}\"\n";
			showEnvVarsInLog = 0;
		};
		4308A442F133CB472549A3AF /* [CP] Embed Pods Frameworks */ = {
			isa = PBXShellScriptBuildPhase;
			buildActionMask = 2147483647;
			files = (
			);
			inputPaths = (
				"${SRCROOT}/Pods/Target Support Files/Pods-GPUImageYRDemo/Pods-GPUImageYRDemo-frameworks.sh",
				"${BUILT_PRODUCTS_DIR}/GPUImage/GPUImage.framework",
			);
			name = "[CP] Embed Pods Frameworks";
			outputPaths = (
				"${TARGET_BUILD_DIR}/${FRAMEWORKS_FOLDER_PATH}/GPUImage.framework",
			);
			runOnlyForDeploymentPostprocessing = 0;
			shellPath = /bin/sh;
			shellScript = "\"${SRCROOT}/Pods/Target Support Files/Pods-GPUImageYRDemo/Pods-GPUImageYRDemo-frameworks.sh\"\n";
			showEnvVarsInLog = 0;
		};
		D604945D91682CF0C1365E33 /* [CP] Copy Pods Resources */ = {
			isa = PBXShellScriptBuildPhase;
			buildActionMask = 2147483647;
			files = (
			);
			inputPaths = (
			);
			name = "[CP] Copy Pods Resources";
			outputPaths = (
			);
			runOnlyForDeploymentPostprocessing = 0;
			shellPath = /bin/sh;
			shellScript = "\"${SRCROOT}/Pods/Target Support Files/Pods-GPUImageYRDemo/Pods-GPUImageYRDemo-resources.sh\"\n";
			showEnvVarsInLog = 0;
		};
/* End PBXShellScriptBuildPhase section */

/* Begin PBXSourcesBuildPhase section */
		2FF1E68A214093500009CF41 /* Sources */ = {
			isa = PBXSourcesBuildPhase;
			buildActionMask = 2147483647;
			files = (
				2FF1E6A1214093500009CF41 /* main.m in Sources */,
				2FFCF9A12141721700817266 /* GPUImageFilterController.m in Sources */,
				2FE571252141E4CF00A4BA9A /* LiveBroadCastCameraController.m in Sources */,
				2FF1E6AA214094460009CF41 /* GPUImageDemoListController.m in Sources */,
				2FF1E693214093500009CF41 /* AppDelegate.m in Sources */,
				2FFCF9A921417A0300817266 /* BeautifulCameraController.m in Sources */,
				2FA4902C2140A15B00D7D3AE /* GPUDemoCell.m in Sources */,
				2FA49029214097C800D7D3AE /* BlurViewController.m in Sources */,
				2FFCF9B0214183D300817266 /* GPUImageVideoController.m in Sources */,
				2FA4902F2140A25D00D7D3AE /* GPUViewController.m in Sources */,
			);
			runOnlyForDeploymentPostprocessing = 0;
		};
/* End PBXSourcesBuildPhase section */

/* Begin PBXVariantGroup section */
		2FF1E697214093500009CF41 /* Main.storyboard */ = {
			isa = PBXVariantGroup;
			children = (
				2FF1E698214093500009CF41 /* Base */,
			);
			name = Main.storyboard;
			sourceTree = "<group>";
		};
		2FF1E69C214093500009CF41 /* LaunchScreen.storyboard */ = {
			isa = PBXVariantGroup;
			children = (
				2FF1E69D214093500009CF41 /* Base */,
			);
			name = LaunchScreen.storyboard;
			sourceTree = "<group>";
		};
/* End PBXVariantGroup section */

/* Begin XCBuildConfiguration section */
		2FF1E6A2214093500009CF41 /* Debug */ = {
			isa = XCBuildConfiguration;
			buildSettings = {
				ALWAYS_SEARCH_USER_PATHS = NO;
				CLANG_ANALYZER_NONNULL = YES;
				CLANG_ANALYZER_NUMBER_OBJECT_CONVERSION = YES_AGGRESSIVE;
				CLANG_CXX_LANGUAGE_STANDARD = "gnu++14";
				CLANG_CXX_LIBRARY = "libc++";
				CLANG_ENABLE_MODULES = YES;
				CLANG_ENABLE_OBJC_ARC = YES;
				CLANG_WARN_BLOCK_CAPTURE_AUTORELEASING = YES;
				CLANG_WARN_BOOL_CONVERSION = YES;
				CLANG_WARN_COMMA = YES;
				CLANG_WARN_CONSTANT_CONVERSION = YES;
				CLANG_WARN_DIRECT_OBJC_ISA_USAGE = YES_ERROR;
				CLANG_WARN_DOCUMENTATION_COMMENTS = YES;
				CLANG_WARN_EMPTY_BODY = YES;
				CLANG_WARN_ENUM_CONVERSION = YES;
				CLANG_WARN_INFINITE_RECURSION = YES;
				CLANG_WARN_INT_CONVERSION = YES;
				CLANG_WARN_NON_LITERAL_NULL_CONVERSION = YES;
				CLANG_WARN_OBJC_LITERAL_CONVERSION = YES;
				CLANG_WARN_OBJC_ROOT_CLASS = YES_ERROR;
				CLANG_WARN_RANGE_LOOP_ANALYSIS = YES;
				CLANG_WARN_STRICT_PROTOTYPES = YES;
				CLANG_WARN_SUSPICIOUS_MOVE = YES;
				CLANG_WARN_UNGUARDED_AVAILABILITY = YES_AGGRESSIVE;
				CLANG_WARN_UNREACHABLE_CODE = YES;
				CLANG_WARN__DUPLICATE_METHOD_MATCH = YES;
				CODE_SIGN_IDENTITY = "iPhone Developer";
				COPY_PHASE_STRIP = NO;
				DEBUG_INFORMATION_FORMAT = dwarf;
				ENABLE_STRICT_OBJC_MSGSEND = YES;
				ENABLE_TESTABILITY = YES;
				GCC_C_LANGUAGE_STANDARD = gnu11;
				GCC_DYNAMIC_NO_PIC = NO;
				GCC_NO_COMMON_BLOCKS = YES;
				GCC_OPTIMIZATION_LEVEL = 0;
				GCC_PREPROCESSOR_DEFINITIONS = (
					"DEBUG=1",
					"$(inherited)",
				);
				GCC_WARN_64_TO_32_BIT_CONVERSION = YES;
				GCC_WARN_ABOUT_RETURN_TYPE = YES_ERROR;
				GCC_WARN_UNDECLARED_SELECTOR = YES;
				GCC_WARN_UNINITIALIZED_AUTOS = YES_AGGRESSIVE;
				GCC_WARN_UNUSED_FUNCTION = YES;
				GCC_WARN_UNUSED_VARIABLE = YES;
				IPHONEOS_DEPLOYMENT_TARGET = 11.2;
				MTL_ENABLE_DEBUG_INFO = YES;
				ONLY_ACTIVE_ARCH = YES;
				SDKROOT = iphoneos;
			};
			name = Debug;
		};
		2FF1E6A3214093500009CF41 /* Release */ = {
			isa = XCBuildConfiguration;
			buildSettings = {
				ALWAYS_SEARCH_USER_PATHS = NO;
				CLANG_ANALYZER_NONNULL = YES;
				CLANG_ANALYZER_NUMBER_OBJECT_CONVERSION = YES_AGGRESSIVE;
				CLANG_CXX_LANGUAGE_STANDARD = "gnu++14";
				CLANG_CXX_LIBRARY = "libc++";
				CLANG_ENABLE_MODULES = YES;
				CLANG_ENABLE_OBJC_ARC = YES;
				CLANG_WARN_BLOCK_CAPTURE_AUTORELEASING = YES;
				CLANG_WARN_BOOL_CONVERSION = YES;
				CLANG_WARN_COMMA = YES;
				CLANG_WARN_CONSTANT_CONVERSION = YES;
				CLANG_WARN_DIRECT_OBJC_ISA_USAGE = YES_ERROR;
				CLANG_WARN_DOCUMENTATION_COMMENTS = YES;
				CLANG_WARN_EMPTY_BODY = YES;
				CLANG_WARN_ENUM_CONVERSION = YES;
				CLANG_WARN_INFINITE_RECURSION = YES;
				CLANG_WARN_INT_CONVERSION = YES;
				CLANG_WARN_NON_LITERAL_NULL_CONVERSION = YES;
				CLANG_WARN_OBJC_LITERAL_CONVERSION = YES;
				CLANG_WARN_OBJC_ROOT_CLASS = YES_ERROR;
				CLANG_WARN_RANGE_LOOP_ANALYSIS = YES;
				CLANG_WARN_STRICT_PROTOTYPES = YES;
				CLANG_WARN_SUSPICIOUS_MOVE = YES;
				CLANG_WARN_UNGUARDED_AVAILABILITY = YES_AGGRESSIVE;
				CLANG_WARN_UNREACHABLE_CODE = YES;
				CLANG_WARN__DUPLICATE_METHOD_MATCH = YES;
				CODE_SIGN_IDENTITY = "iPhone Developer";
				COPY_PHASE_STRIP = NO;
				DEBUG_INFORMATION_FORMAT = "dwarf-with-dsym";
				ENABLE_NS_ASSERTIONS = NO;
				ENABLE_STRICT_OBJC_MSGSEND = YES;
				GCC_C_LANGUAGE_STANDARD = gnu11;
				GCC_NO_COMMON_BLOCKS = YES;
				GCC_WARN_64_TO_32_BIT_CONVERSION = YES;
				GCC_WARN_ABOUT_RETURN_TYPE = YES_ERROR;
				GCC_WARN_UNDECLARED_SELECTOR = YES;
				GCC_WARN_UNINITIALIZED_AUTOS = YES_AGGRESSIVE;
				GCC_WARN_UNUSED_FUNCTION = YES;
				GCC_WARN_UNUSED_VARIABLE = YES;
				IPHONEOS_DEPLOYMENT_TARGET = 11.2;
				MTL_ENABLE_DEBUG_INFO = NO;
				SDKROOT = iphoneos;
				VALIDATE_PRODUCT = YES;
			};
			name = Release;
		};
		2FF1E6A5214093500009CF41 /* Debug */ = {
			isa = XCBuildConfiguration;
			baseConfigurationReference = 648812A652EBDB8C07579B1D /* Pods-GPUImageYRDemo.debug.xcconfig */;
			buildSettings = {
				ASSETCATALOG_COMPILER_APPICON_NAME = AppIcon;
				CODE_SIGN_STYLE = Automatic;
				DEVELOPMENT_TEAM = AP2R8WPL7H;
				INFOPLIST_FILE = GPUImageYRDemo/Info.plist;
				IPHONEOS_DEPLOYMENT_TARGET = 9.0;
				LD_RUNPATH_SEARCH_PATHS = "$(inherited) @executable_path/Frameworks";
				PRODUCT_BUNDLE_IDENTIFIER = yr.live;
				PRODUCT_NAME = "$(TARGET_NAME)";
				TARGETED_DEVICE_FAMILY = "1,2";
			};
			name = Debug;
		};
		2FF1E6A6214093500009CF41 /* Release */ = {
			isa = XCBuildConfiguration;
			baseConfigurationReference = 18B03DE6C06193D76D6D03E2 /* Pods-GPUImageYRDemo.release.xcconfig */;
			buildSettings = {
				ASSETCATALOG_COMPILER_APPICON_NAME = AppIcon;
				CODE_SIGN_STYLE = Automatic;
				DEVELOPMENT_TEAM = AP2R8WPL7H;
				INFOPLIST_FILE = GPUImageYRDemo/Info.plist;
				IPHONEOS_DEPLOYMENT_TARGET = 9.0;
				LD_RUNPATH_SEARCH_PATHS = "$(inherited) @executable_path/Frameworks";
				PRODUCT_BUNDLE_IDENTIFIER = yr.live;
				PRODUCT_NAME = "$(TARGET_NAME)";
				TARGETED_DEVICE_FAMILY = "1,2";
			};
			name = Release;
		};
/* End XCBuildConfiguration section */

/* Begin XCConfigurationList section */
		2FF1E689214093500009CF41 /* Build configuration list for PBXProject "GPUImageYRDemo" */ = {
			isa = XCConfigurationList;
			buildConfigurations = (
				2FF1E6A2214093500009CF41 /* Debug */,
				2FF1E6A3214093500009CF41 /* Release */,
			);
			defaultConfigurationIsVisible = 0;
			defaultConfigurationName = Release;
		};
		2FF1E6A4214093500009CF41 /* Build configuration list for PBXNativeTarget "GPUImageYRDemo" */ = {
			isa = XCConfigurationList;
			buildConfigurations = (
				2FF1E6A5214093500009CF41 /* Debug */,
				2FF1E6A6214093500009CF41 /* Release */,
			);
			defaultConfigurationIsVisible = 0;
			defaultConfigurationName = Release;
		};
/* End XCConfigurationList section */
	};
	rootObject = 2FF1E686214093500009CF41 /* Project object */;
}
